{
  "name": "hearthrise",
  "version": "0.9.2-beta",
  "lockfileVersion": 3,
  "requires": true,
  "packages": {
    "": {
      "name": "hearthrise",
      "version": "0.9.2-beta",
      "devDependencies": {
        "@electric-sql/pglite": "^0.5.4",
        "@electric-sql/pglite-socket": "^0.2.8",
        "playwright": "^1.47.0",
        "postgres": "3.4.5"
      }
    },
    "node_modules/@electric-sql/pglite": {
      "version": "0.5.5",
      "resolved": "https://registry.npmjs.org/@electric-sql/pglite/-/pglite-0.5.5.tgz",
      "integrity": "sha512-QeZ+oB7QaU4EJj2awrB8hwFZ5TXxLRBQ9Gfq0dQauYDdWsRtuWRCERgtri35vRfL07KQHlVlc/4Qxvn7a5AXeA==",
      "dev": true,
      "license": "Apache-2.0"
    },
    "node_modules/@electric-sql/pglite-age": {
      "version": "0.0.6",
      "resolved": "https://registry.npmjs.org/@electric-sql/pglite-age/-/pglite-age-0.0.6.tgz",
      "integrity": "sha512-cnj+KxJUgx6WdwFgIbu2wQSu5NKNOf1TNfLAwVTHZZGkTTyA8FW8FrFZ06jKUkKoW7Fad8X0O4FPb/I+u5n5Rw==",
      "dev": true,
      "license": "Apache-2.0",
      "peer": true,
      "peerDependencies": {
        "@electric-sql/pglite": "0.5.5"
      }
    },
    "node_modules/@electric-sql/pglite-pg_hashids": {
      "version": "0.0.6",
      "resolved": "https://registry.npmjs.org/@electric-sql/pglite-pg_hashids/-/pglite-pg_hashids-0.0.6.tgz",
      "integrity": "sha512-723NvdqXz70rTjC5OKQHmmNNogTcZxPLAJf0NRDanz3zz77nBOCSlTL/UKkah90UVk5kqnbrwIcHqDVGmmONDA==",
      "dev": true,
      "license": "Apache-2.0",
      "peer": true,
      "peerDependencies": {
        "@electric-sql/pglite": "0.5.5"
      }
    },
    "node_modules/@electric-sql/pglite-pg_ivm": {
      "version": "0.0.6",
      "resolved": "https://registry.npmjs.org/@electric-sql/pglite-pg_ivm/-/pglite-pg_ivm-0.0.6.tgz",
      "integrity": "sha512-LroA6kGyIEeB1/P7RbAaDHDCgu6+0scXzNe4ahN73f/PfexVN4h1k7HXOUS2su7tAHVMOBRlfenaWl3J/KhSmg==",
      "dev": true,
      "license": "Apache-2.0",
      "peer": true,
      "peerDependencies": {
        "@electric-sql/pglite": "0.5.5"
      }
    },
    "node_modules/@electric-sql/pglite-pg_textsearch": {
      "version": "0.0.7",
      "resolved": "https://registry.npmjs.org/@electric-sql/pglite-pg_textsearch/-/pglite-pg_textsearch-0.0.7.tgz",
      "integrity": "sha512-gBWaCxBcFPrmecgnycTXVJrAM39qEsXqZEuQZg1itlnIti1233htFYkOg9xp+FFE8R0Z7XmjbSJxjFoG60LD7w==",
      "dev": true,
      "license": "Apache-2.0",
      "peer": true,
      "peerDependencies": {
        "@electric-sql/pglite": "0.5.5"
      }
    },
    "node_modules/@electric-sql/pglite-pg_uuidv7": {
      "version": "0.0.6",
      "resolved": "https://registry.npmjs.org/@electric-sql/pglite-pg_uuidv7/-/pglite-pg_uuidv7-0.0.6.tgz",
      "integrity": "sha512-ffQARR67C9gFIhoaqSF/J0IUM6STJASrmcRvhlOokv414WBkl+wiNHBslw7hc3tYSZmg41Y7L1tjxNPNZn1wPA==",
      "dev": true,
      "license": "Apache-2.0",
      "peer": true,
      "peerDependencies": {
        "@electric-sql/pglite": "0.5.5"
      }
    },
    "node_modules/@electric-sql/pglite-pgtap": {
      "version": "0.0.6",
      "resolved": "https://registry.npmjs.org/@electric-sql/pglite-pgtap/-/pglite-pgtap-0.0.6.tgz",
      "integrity": "sha512-2Xn9xevILlNHTAeLZJnrB7DtOoB2qEiXm+tPaP0cm4n1a9zsAb4HQBRgsQhWKF7PJn9qMGJYFMuWWoMaxLTXwA==",
      "dev": true,
      "license": "Apache-2.0",
      "peer": true,
      "peerDependencies": {
        "@electric-sql/pglite": "0.5.5"
      }
    },
    "node_modules/@electric-sql/pglite-pgvector": {
      "version": "0.0.6",
      "resolved": "https://registry.npmjs.org/@electric-sql/pglite-pgvector/-/pglite-pgvector-0.0.6.tgz",
      "integrity": "sha512-KiPeiS/BMmjO71igzgexJAu5aPb3Y2yUjNTSMdti4ZL3zlqZFl4eLgbzLBGyG5Cxr9xFwYFmHh61ZTq6w6hUJA==",
      "dev": true,
      "license": "Apache-2.0",
      "peer": true,
      "peerDependencies": {
        "@electric-sql/pglite": "0.5.5"
      }
    },
    "node_modules/@electric-sql/pglite-socket": {
      "version": "0.2.8",
      "resolved": "https://registry.npmjs.org/@electric-sql/pglite-socket/-/pglite-socket-0.2.8.tgz",
      "integrity": "sha512-s/hDC799oT1YLrQoyfiBKqwFcIn0m6OUEuU2ENdzr3uxW5rJBM73hpQeiBmSs+pqDD2A3PH4a8839ExqoROVmQ==",
      "dev": true,
      "license": "Apache-2.0",
      "bin": {
        "pglite-server": "dist/scripts/server.js"
      },
      "peerDependencies": {
        "@electric-sql/pglite": "0.5.5",
        "@electric-sql/pglite-age": "0.0.6",
        "@electric-sql/pglite-pg_hashids": "0.0.6",
        "@electric-sql/pglite-pg_ivm": "0.0.6",
        "@electric-sql/pglite-pg_textsearch": "0.0.7",
        "@electric-sql/pglite-pg_uuidv7": "0.0.6",
        "@electric-sql/pglite-pgtap": "0.0.6",
        "@electric-sql/pglite-pgvector": "0.0.6"
      }
    },
    "node_modules/fsevents": {
      "version": "2.3.2",
      "resolved": "https://registry.npmjs.org/fsevents/-/fsevents-2.3.2.tgz",
      "integrity": "sha512-xiqMQR4xAeHTuB9uWm+fFRcIOgKBMiOBP+eXiyT7jsgVCq1bkVygt00oASowB7EdtpOHaaPgKt812P9ab+DDKA==",
      "dev": true,
      "hasInstallScript": true,
      "license": "MIT",
      "optional": true,
      "os": [
        "darwin"
      ],
      "engines": {
        "node": "^8.16.0 || ^10.6.0 || >=11.0.0"
      }
    },
    "node_modules/playwright": {
      "version": "1.62.1",
      "resolved": "https://registry.npmjs.org/playwright/-/playwright-1.62.1.tgz",
      "integrity": "sha512-0M+L3LAD8/nm554LOla9Ayx0j0tmFZ0FBcoQ7F1VuVHpM/XpiC8RcDzBQB8W5+hA8L22THxELzeF+2WcUzvcLg==",
      "dev": true,
      "license": "Apache-2.0",
      "dependencies": {
        "playwright-core": "1.62.1"
      },
      "bin": {
        "playwright": "cli.js"
      },
      "engines": {
        "node": ">=20"
      },
      "optionalDependencies": {
        "fsevents": "2.3.2"
      }
    },
    "node_modules/playwright-core": {
      "version": "1.62.1",
      "resolved": "https://registry.npmjs.org/playwright-core/-/playwright-core-1.62.1.tgz",
      "integrity": "sha512-wPYSwEBJY9GHraISXqyqtx0na0LpO3XEX7jNDhntbex7tzUS7kLnZsOlFruFJB4Hi/rhDMjXGqHewDZ68nYZVw==",
      "dev": true,
      "license": "Apache-2.0",
      "bin": {
        "playwright-core": "cli.js"
      },
      "engines": {
        "node": ">=20"
      }
    },
    "node_modules/postgres": {
      "version": "3.4.5",
      "resolved": "https://registry.npmjs.org/postgres/-/postgres-3.4.5.tgz",
      "integrity": "sha512-cDWgoah1Gez9rN3H4165peY9qfpEo+SA61oQv65O3cRUE1pOEoJWwddwcqKE8XZYjbblOJlYDlLV4h67HrEVDg==",
      "dev": true,
      "license": "Unlicense",
      "engines": {
        "node": ">=12"
      },
      "funding": {
        "type": "individual",
        "url": "https://github.com/sponsors/porsager"
      }
    }
  }
}
